
Microsoft Visual Studio Solution File, Format Version 12.00
# Visual Studio Version 17
VisualStudioVersion = 17.12.35506.116
MinimumVisualStudioVersion = 10.0.40219.1
Project("{FAE04EC0-301F-11D3-BF4B-00C04F79EFBC}") = "WebApp", "WebApp\WebApp.csproj", "{909F8B7F-E33D-4475-9940-E800F944DFB7}"
EndProject
Project("{FAE04EC0-301F-11D3-BF4B-00C04F79EFBC}") = "Data", "Data\Data.csproj", "{080A8EF5-B997-4276-8CBF-BBC19191FBC7}"
EndProject
Project("{FAE04EC0-301F-11D3-BF4B-00C04F79EFBC}") = "Business", "Business\Business.csproj", "{F9E5C941-13E1-46AA-9967-665D9CA0E5B3}"
EndProject
Project("{FAE04EC0-301F-11D3-BF4B-00C04F79EFBC}") = "Domain", "Domain\Domain.csproj", "{B8079015-3233-4BE4-B7D0-D0A905B77367}"
EndProject
Project("{FAE04EC0-301F-11D3-BF4B-00C04F79EFBC}") = "Infrastructure", "Infrastructure\Infrastructure.csproj", "{F4F1C2F1-3F34-4FE9-8F34-A5B19E7FFDA2}"
EndProject
Global
	GlobalSection(SolutionConfigurationPlatforms) = preSolution
		Debug|Any CPU = Debug|Any CPU
		Release|Any CPU = Release|Any CPU
	EndGlobalSection
	GlobalSection(ProjectConfigurationPlatforms) = postSolution
		{909F8B7F-E33D-4475-9940-E800F944DFB7}.Debug|Any CPU.ActiveCfg = Debug|Any CPU
		{909F8B7F-E33D-4475-9940-E800F944DFB7}.Debug|Any CPU.Build.0 = Debug|Any CPU
		{909F8B7F-E33D-4475-9940-E800F944DFB7}.Release|Any CPU.ActiveCfg = Release|Any CPU
		{909F8B7F-E33D-4475-9940-E800F944DFB7}.Release|Any CPU.Build.0 = Release|Any CPU
		{080A8EF5-B997-4276-8CBF-BBC19191FBC7}.Debug|Any CPU.ActiveCfg = Debug|Any CPU
		{080A8EF5-B997-4276-8CBF-BBC19191FBC7}.Debug|Any CPU.Build.0 = Debug|Any CPU
		{080A8EF5-B997-4276-8CBF-BBC19191FBC7}.Release|Any CPU.ActiveCfg = Release|Any CPU
		{080A8EF5-B997-4276-8CBF-BBC19191FBC7}.Release|Any CPU.Build.0 = Release|Any CPU
		{F9E5C941-13E1-46AA-9967-665D9CA0E5B3}.Debug|Any CPU.ActiveCfg = Debug|Any CPU
		{F9E5C941-13E1-46AA-9967-665D9CA0E5B3}.Debug|Any CPU.Build.0 = Debug|Any CPU
		{F9E5C941-13E1-46AA-9967-665D9CA0E5B3}.Release|Any CPU.ActiveCfg = Release|Any CPU
		{F9E5C941-13E1-46AA-9967-665D9CA0E5B3}.Release|Any CPU.Build.0 = Release|Any CPU
		{B8079015-3233-4BE4-B7D0-D0A905B77367}.Debug|Any CPU.ActiveCfg = Debug|Any CPU
		{B8079015-3233-4BE4-B7D0-D0A905B77367}.Debug|Any CPU.Build.0 = Debug|Any CPU
		{B8079015-3233-4BE4-B7D0-D0A905B77367}.Release|Any CPU.ActiveCfg = Release|Any CPU
		{B8079015-3233-4BE4-B7D0-D0A905B77367}.Release|Any CPU.Build.0 = Release|Any CPU
		{F4F1C2F1-3F34-4FE9-8F34-A5B19E7FFDA2}.Debug|Any CPU.ActiveCfg = Debug|Any CPU
		{F4F1C2F1-3F34-4FE9-8F34-A5B19E7FFDA2}.Debug|Any CPU.Build.0 = Debug|Any CPU
		{F4F1C2F1-3F34-4FE9-8F34-A5B19E7FFDA2}.Release|Any CPU.ActiveCfg = Release|Any CPU
		{F4F1C2F1-3F34-4FE9-8F34-A5B19E7FFDA2}.Release|Any CPU.Build.0 = Release|Any CPU
	EndGlobalSection
	GlobalSection(SolutionProperties) = preSolution
		HideSolutionNode = FALSE
	EndGlobalSection
EndGlobal
